
Microsoft Visual Studio Solution File, Format Version 12.00
# Visual Studio Version 17
VisualStudioVersion = 17.10.34928.147
MinimumVisualStudioVersion = 10.0.40219.1
Project("{9A19103F-16F7-4668-BE54-9A1E7A4F7556}") = "FRI.DISS.CV1", "FRI.DISS.CV1\FRI.DISS.CV1.csproj", "{5844694E-2476-41FE-9112-539A7668A2A0}"
EndProject
Project("{9A19103F-16F7-4668-BE54-9A1E7A4F7556}") = "FRI.DISS.Libs", "FRI.DISS.Libs\FRI.DISS.Libs.csproj", "{08ED5691-2321-4240-8B53-F85805FC510E}"
EndProject
Project("{9A19103F-16F7-4668-BE54-9A1E7A4F7556}") = "FRI.DISS.Libs.GUI", "FRI.DISS.Libs.GUI\FRI.DISS.Libs.GUI.csproj", "{BFC01C6D-AF95-4E16-9543-4EECE4B6067F}"
EndProject
Project("{9A19103F-16F7-4668-BE54-9A1E7A4F7556}") = "FRI.DISS.GeneratorTester", "FRI.DISS.GeneratorTester\FRI.DISS.GeneratorTester.csproj", "{2E6DA7A4-47CD-4E8C-BBB7-6DC20964A8EB}"
EndProject
Project("{9A19103F-16F7-4668-BE54-9A1E7A4F7556}") = "FRI.DISS.SP1", "FRI.DISS.SP1\FRI.DISS.SP1.csproj", "{BB7D75C9-EE87-46E6-A55C-DC00B9352935}"
EndProject
Project("{9A19103F-16F7-4668-BE54-9A1E7A4F7556}") = "FRI.DISS.SP2", "FRI.DISS.SP2\FRI.DISS.SP2.csproj", "{2AEA836C-3238-4B0C-837A-D87D5EAA7FDF}"
EndProject
Project("{FAE04EC0-301F-11D3-BF4B-00C04F79EFBC}") = "FRI.DISS.SP3", "FRI.DISS.SP3\FRI.DISS.SP3.csproj", "{B5351ABD-B4B7-4283-B04E-ED11599831A7}"
EndProject
Global
	GlobalSection(SolutionConfigurationPlatforms) = preSolution
		Debug|Any CPU = Debug|Any CPU
		Release|Any CPU = Release|Any CPU
	EndGlobalSection
	GlobalSection(ProjectConfigurationPlatforms) = postSolution
		{5844694E-2476-41FE-9112-539A7668A2A0}.Debug|Any CPU.ActiveCfg = Debug|Any CPU
		{5844694E-2476-41FE-9112-539A7668A2A0}.Debug|Any CPU.Build.0 = Debug|Any CPU
		{5844694E-2476-41FE-9112-539A7668A2A0}.Release|Any CPU.ActiveCfg = Release|Any CPU
		{5844694E-2476-41FE-9112-539A7668A2A0}.Release|Any CPU.Build.0 = Release|Any CPU
		{08ED5691-2321-4240-8B53-F85805FC510E}.Debug|Any CPU.ActiveCfg = Debug|Any CPU
		{08ED5691-2321-4240-8B53-F85805FC510E}.Debug|Any CPU.Build.0 = Debug|Any CPU
		{08ED5691-2321-4240-8B53-F85805FC510E}.Release|Any CPU.ActiveCfg = Release|Any CPU
		{08ED5691-2321-4240-8B53-F85805FC510E}.Release|Any CPU.Build.0 = Release|Any CPU
		{BFC01C6D-AF95-4E16-9543-4EECE4B6067F}.Debug|Any CPU.ActiveCfg = Debug|Any CPU
		{BFC01C6D-AF95-4E16-9543-4EECE4B6067F}.Debug|Any CPU.Build.0 = Debug|Any CPU
		{BFC01C6D-AF95-4E16-9543-4EECE4B6067F}.Release|Any CPU.ActiveCfg = Release|Any CPU
		{BFC01C6D-AF95-4E16-9543-4EECE4B6067F}.Release|Any CPU.Build.0 = Release|Any CPU
		{2E6DA7A4-47CD-4E8C-BBB7-6DC20964A8EB}.Debug|Any CPU.ActiveCfg = Debug|Any CPU
		{2E6DA7A4-47CD-4E8C-BBB7-6DC20964A8EB}.Debug|Any CPU.Build.0 = Debug|Any CPU
		{2E6DA7A4-47CD-4E8C-BBB7-6DC20964A8EB}.Release|Any CPU.ActiveCfg = Release|Any CPU
		{2E6DA7A4-47CD-4E8C-BBB7-6DC20964A8EB}.Release|Any CPU.Build.0 = Release|Any CPU
		{BB7D75C9-EE87-46E6-A55C-DC00B9352935}.Debug|Any CPU.ActiveCfg = Debug|Any CPU
		{BB7D75C9-EE87-46E6-A55C-DC00B9352935}.Debug|Any CPU.Build.0 = Debug|Any CPU
		{BB7D75C9-EE87-46E6-A55C-DC00B9352935}.Release|Any CPU.ActiveCfg = Release|Any CPU
		{BB7D75C9-EE87-46E6-A55C-DC00B9352935}.Release|Any CPU.Build.0 = Release|Any CPU
		{2AEA836C-3238-4B0C-837A-D87D5EAA7FDF}.Debug|Any CPU.ActiveCfg = Debug|Any CPU
		{2AEA836C-3238-4B0C-837A-D87D5EAA7FDF}.Debug|Any CPU.Build.0 = Debug|Any CPU
		{2AEA836C-3238-4B0C-837A-D87D5EAA7FDF}.Release|Any CPU.ActiveCfg = Release|Any CPU
		{2AEA836C-3238-4B0C-837A-D87D5EAA7FDF}.Release|Any CPU.Build.0 = Release|Any CPU
		{B5351ABD-B4B7-4283-B04E-ED11599831A7}.Debug|Any CPU.ActiveCfg = Debug|Any CPU
		{B5351ABD-B4B7-4283-B04E-ED11599831A7}.Debug|Any CPU.Build.0 = Debug|Any CPU
		{B5351ABD-B4B7-4283-B04E-ED11599831A7}.Release|Any CPU.ActiveCfg = Release|Any CPU
		{B5351ABD-B4B7-4283-B04E-ED11599831A7}.Release|Any CPU.Build.0 = Release|Any CPU
	EndGlobalSection
	GlobalSection(SolutionProperties) = preSolution
		HideSolutionNode = FALSE
	EndGlobalSection
	GlobalSection(ExtensibilityGlobals) = postSolution
		SolutionGuid = {A3D41D30-DDAD-40A4-8870-891A361E14C8}
	EndGlobalSection
EndGlobal
